
Microsoft Visual Studio Solution File, Format Version 12.00
# Visual Studio Version 17
VisualStudioVersion = 17.7.34202.233
MinimumVisualStudioVersion = 10.0.40219.1
Project("{9A19103F-16F7-4668-BE54-9A1E7A4F7556}") = "TechChallenge-LanchoneteTotem", "TechChallenge-LanchoneteTotem\TechChallenge-LanchoneteTotem.csproj", "{30C2FEBB-623F-493B-8B7C-03F5FE0DE6A1}"
EndProject
Project("{2150E333-8FDC-42A3-9474-1A3956D46DE8}") = "src", "src", "{7A26DF47-295E-40BE-9706-E88842686095}"
EndProject
Project("{2150E333-8FDC-42A3-9474-1A3956D46DE8}") = "Core", "Core", "{C31F1318-3F15-4E20-ABEC-2B3CAE110568}"
EndProject
Project("{2150E333-8FDC-42A3-9474-1A3956D46DE8}") = "Adapter", "Adapter", "{4D5C9484-CA9D-446E-9E34-F3B7B9BCECB2}"
EndProject
Project("{2150E333-8FDC-42A3-9474-1A3956D46DE8}") = "Driven", "Driven", "{F5CD3631-DA89-4E24-B5C1-FE1D81F56A86}"
EndProject
Project("{2150E333-8FDC-42A3-9474-1A3956D46DE8}") = "Driver", "Driver", "{CF3758A6-49C0-4A03-8001-12482F729DA9}"
EndProject
Project("{FAE04EC0-301F-11D3-BF4B-00C04F79EFBC}") = "Domain", "Domain\Domain.csproj", "{496E068C-9188-4F6D-8718-A7D2C1A1516F}"
EndProject
Project("{2150E333-8FDC-42A3-9474-1A3956D46DE8}") = "tests", "tests", "{C671A5D2-8C1A-452F-8E80-47E983F8941C}"
EndProject
Project("{FAE04EC0-301F-11D3-BF4B-00C04F79EFBC}") = "Application", "Application\Application.csproj", "{1B2FF100-8BD3-4D9F-BE9F-0C7334C602E4}"
EndProject
Project("{FAE04EC0-301F-11D3-BF4B-00C04F79EFBC}") = "Infra", "Infra\Infra.csproj", "{44697594-227F-4EDE-AAD5-3D8EDB115729}"
EndProject
Global
	GlobalSection(SolutionConfigurationPlatforms) = preSolution
		Debug|Any CPU = Debug|Any CPU
		Release|Any CPU = Release|Any CPU
	EndGlobalSection
	GlobalSection(ProjectConfigurationPlatforms) = postSolution
		{30C2FEBB-623F-493B-8B7C-03F5FE0DE6A1}.Debug|Any CPU.ActiveCfg = Debug|Any CPU
		{30C2FEBB-623F-493B-8B7C-03F5FE0DE6A1}.Debug|Any CPU.Build.0 = Debug|Any CPU
		{30C2FEBB-623F-493B-8B7C-03F5FE0DE6A1}.Release|Any CPU.ActiveCfg = Release|Any CPU
		{30C2FEBB-623F-493B-8B7C-03F5FE0DE6A1}.Release|Any CPU.Build.0 = Release|Any CPU
		{496E068C-9188-4F6D-8718-A7D2C1A1516F}.Debug|Any CPU.ActiveCfg = Debug|Any CPU
		{496E068C-9188-4F6D-8718-A7D2C1A1516F}.Debug|Any CPU.Build.0 = Debug|Any CPU
		{496E068C-9188-4F6D-8718-A7D2C1A1516F}.Release|Any CPU.ActiveCfg = Release|Any CPU
		{496E068C-9188-4F6D-8718-A7D2C1A1516F}.Release|Any CPU.Build.0 = Release|Any CPU
		{1B2FF100-8BD3-4D9F-BE9F-0C7334C602E4}.Debug|Any CPU.ActiveCfg = Debug|Any CPU
		{1B2FF100-8BD3-4D9F-BE9F-0C7334C602E4}.Debug|Any CPU.Build.0 = Debug|Any CPU
		{1B2FF100-8BD3-4D9F-BE9F-0C7334C602E4}.Release|Any CPU.ActiveCfg = Release|Any CPU
		{1B2FF100-8BD3-4D9F-BE9F-0C7334C602E4}.Release|Any CPU.Build.0 = Release|Any CPU
		{44697594-227F-4EDE-AAD5-3D8EDB115729}.Debug|Any CPU.ActiveCfg = Debug|Any CPU
		{44697594-227F-4EDE-AAD5-3D8EDB115729}.Debug|Any CPU.Build.0 = Debug|Any CPU
		{44697594-227F-4EDE-AAD5-3D8EDB115729}.Release|Any CPU.ActiveCfg = Release|Any CPU
		{44697594-227F-4EDE-AAD5-3D8EDB115729}.Release|Any CPU.Build.0 = Release|Any CPU
	EndGlobalSection
	GlobalSection(SolutionProperties) = preSolution
		HideSolutionNode = FALSE
	EndGlobalSection
	GlobalSection(NestedProjects) = preSolution
		{30C2FEBB-623F-493B-8B7C-03F5FE0DE6A1} = {CF3758A6-49C0-4A03-8001-12482F729DA9}
		{C31F1318-3F15-4E20-ABEC-2B3CAE110568} = {7A26DF47-295E-40BE-9706-E88842686095}
		{4D5C9484-CA9D-446E-9E34-F3B7B9BCECB2} = {7A26DF47-295E-40BE-9706-E88842686095}
		{F5CD3631-DA89-4E24-B5C1-FE1D81F56A86} = {4D5C9484-CA9D-446E-9E34-F3B7B9BCECB2}
		{CF3758A6-49C0-4A03-8001-12482F729DA9} = {4D5C9484-CA9D-446E-9E34-F3B7B9BCECB2}
		{496E068C-9188-4F6D-8718-A7D2C1A1516F} = {C31F1318-3F15-4E20-ABEC-2B3CAE110568}
		{1B2FF100-8BD3-4D9F-BE9F-0C7334C602E4} = {C31F1318-3F15-4E20-ABEC-2B3CAE110568}
		{44697594-227F-4EDE-AAD5-3D8EDB115729} = {F5CD3631-DA89-4E24-B5C1-FE1D81F56A86}
	EndGlobalSection
	GlobalSection(ExtensibilityGlobals) = postSolution
		SolutionGuid = {719E210A-8162-4F84-966E-BEC57F133419}
	EndGlobalSection
EndGlobal
